
Microsoft Visual Studio Solution File, Format Version 12.00
# Visual Studio 14
VisualStudioVersion = 14.0.25420.1
MinimumVisualStudioVersion = 10.0.40219.1
Project("{2150E333-8FDC-42A3-9474-1A3956D46DE8}") = "Engine", "Engine", "{47DFE172-3C63-40A2-B51E-C86E4F57D2E4}"
EndProject
Project("{2150E333-8FDC-42A3-9474-1A3956D46DE8}") = "Games", "Games", "{67119C39-96BF-4145-B70B-4E89276D46E0}"
EndProject
Project("{8BC9CEB8-8B4A-11D0-8D11-00A0C91BC942}") = "UE4", "Intermediate\ProjectFiles\UE4.vcxproj", "{1F8C3752-060A-4CE3-B6D7-0FD5C43C1922}"
EndProject
Project("{8BC9CEB8-8B4A-11D0-8D11-00A0C91BC942}") = "EscapeRoom", "Intermediate\ProjectFiles\EscapeRoom.vcxproj", "{A660C079-5596-4FE8-BA4A-DD39248E44FF}"
EndProject
Global
	GlobalSection(SolutionConfigurationPlatforms) = preSolution
		DebugGame Editor|HTML5 = DebugGame Editor|HTML5
		DebugGame Editor|Win32 = DebugGame Editor|Win32
		DebugGame Editor|Win64 = DebugGame Editor|Win64
		DebugGame|HTML5 = DebugGame|HTML5
		DebugGame|Win32 = DebugGame|Win32
		DebugGame|Win64 = DebugGame|Win64
		Development Editor|HTML5 = Development Editor|HTML5
		Development Editor|Win32 = Development Editor|Win32
		Development Editor|Win64 = Development Editor|Win64
		Development|HTML5 = Development|HTML5
		Development|Win32 = Development|Win32
		Development|Win64 = Development|Win64
		Shipping|HTML5 = Shipping|HTML5
		Shipping|Win32 = Shipping|Win32
		Shipping|Win64 = Shipping|Win64
	EndGlobalSection
	GlobalSection(ProjectConfigurationPlatforms) = postSolution
		{1F8C3752-060A-4CE3-B6D7-0FD5C43C1922}.DebugGame Editor|HTML5.ActiveCfg = BuiltWithUnrealBuildTool|Win32
		{1F8C3752-060A-4CE3-B6D7-0FD5C43C1922}.DebugGame Editor|HTML5.Build.0 = BuiltWithUnrealBuildTool|Win32
		{1F8C3752-060A-4CE3-B6D7-0FD5C43C1922}.DebugGame Editor|Win32.ActiveCfg = BuiltWithUnrealBuildTool|Win32
		{1F8C3752-060A-4CE3-B6D7-0FD5C43C1922}.DebugGame Editor|Win32.Build.0 = BuiltWithUnrealBuildTool|Win32
		{1F8C3752-060A-4CE3-B6D7-0FD5C43C1922}.DebugGame Editor|Win64.ActiveCfg = BuiltWithUnrealBuildTool|Win32
		{1F8C3752-060A-4CE3-B6D7-0FD5C43C1922}.DebugGame Editor|Win64.Build.0 = BuiltWithUnrealBuildTool|Win32
		{1F8C3752-060A-4CE3-B6D7-0FD5C43C1922}.DebugGame|HTML5.ActiveCfg = BuiltWithUnrealBuildTool|Win32
		{1F8C3752-060A-4CE3-B6D7-0FD5C43C1922}.DebugGame|HTML5.Build.0 = BuiltWithUnrealBuildTool|Win32
		{1F8C3752-060A-4CE3-B6D7-0FD5C43C1922}.DebugGame|Win32.ActiveCfg = BuiltWithUnrealBuildTool|Win32
		{1F8C3752-060A-4CE3-B6D7-0FD5C43C1922}.DebugGame|Win32.Build.0 = BuiltWithUnrealBuildTool|Win32
		{1F8C3752-060A-4CE3-B6D7-0FD5C43C1922}.DebugGame|Win64.ActiveCfg = BuiltWithUnrealBuildTool|Win32
		{1F8C3752-060A-4CE3-B6D7-0FD5C43C1922}.DebugGame|Win64.Build.0 = BuiltWithUnrealBuildTool|Win32
		{1F8C3752-060A-4CE3-B6D7-0FD5C43C1922}.Development Editor|HTML5.ActiveCfg = BuiltWithUnrealBuildTool|Win32
		{1F8C3752-060A-4CE3-B6D7-0FD5C43C1922}.Development Editor|HTML5.Build.0 = BuiltWithUnrealBuildTool|Win32
		{1F8C3752-060A-4CE3-B6D7-0FD5C43C1922}.Development Editor|Win32.ActiveCfg = BuiltWithUnrealBuildTool|Win32
		{1F8C3752-060A-4CE3-B6D7-0FD5C43C1922}.Development Editor|Win32.Build.0 = BuiltWithUnrealBuildTool|Win32
		{1F8C3752-060A-4CE3-B6D7-0FD5C43C1922}.Development Editor|Win64.ActiveCfg = BuiltWithUnrealBuildTool|Win32
		{1F8C3752-060A-4CE3-B6D7-0FD5C43C1922}.Development Editor|Win64.Build.0 = BuiltWithUnrealBuildTool|Win32
		{1F8C3752-060A-4CE3-B6D7-0FD5C43C1922}.Development|HTML5.ActiveCfg = BuiltWithUnrealBuildTool|Win32
		{1F8C3752-060A-4CE3-B6D7-0FD5C43C1922}.Development|HTML5.Build.0 = BuiltWithUnrealBuildTool|Win32
		{1F8C3752-060A-4CE3-B6D7-0FD5C43C1922}.Development|Win32.ActiveCfg = BuiltWithUnrealBuildTool|Win32
		{1F8C3752-060A-4CE3-B6D7-0FD5C43C1922}.Development|Win32.Build.0 = BuiltWithUnrealBuildTool|Win32
		{1F8C3752-060A-4CE3-B6D7-0FD5C43C1922}.Development|Win64.ActiveCfg = BuiltWithUnrealBuildTool|Win32
		{1F8C3752-060A-4CE3-B6D7-0FD5C43C1922}.Development|Win64.Build.0 = BuiltWithUnrealBuildTool|Win32
		{1F8C3752-060A-4CE3-B6D7-0FD5C43C1922}.Shipping|HTML5.ActiveCfg = BuiltWithUnrealBuildTool|Win32
		{1F8C3752-060A-4CE3-B6D7-0FD5C43C1922}.Shipping|HTML5.Build.0 = BuiltWithUnrealBuildTool|Win32
		{1F8C3752-060A-4CE3-B6D7-0FD5C43C1922}.Shipping|Win32.ActiveCfg = BuiltWithUnrealBuildTool|Win32
		{1F8C3752-060A-4CE3-B6D7-0FD5C43C1922}.Shipping|Win32.Build.0 = BuiltWithUnrealBuildTool|Win32
		{1F8C3752-060A-4CE3-B6D7-0FD5C43C1922}.Shipping|Win64.ActiveCfg = BuiltWithUnrealBuildTool|Win32
		{1F8C3752-060A-4CE3-B6D7-0FD5C43C1922}.Shipping|Win64.Build.0 = BuiltWithUnrealBuildTool|Win32
		{A660C079-5596-4FE8-BA4A-DD39248E44FF}.DebugGame Editor|HTML5.ActiveCfg = HTML5_DebugGame_Editor|Win32
		{A660C079-5596-4FE8-BA4A-DD39248E44FF}.DebugGame Editor|Win32.ActiveCfg = DebugGame_Editor|Win32
		{A660C079-5596-4FE8-BA4A-DD39248E44FF}.DebugGame Editor|Win64.ActiveCfg = DebugGame_Editor|x64
		{A660C079-5596-4FE8-BA4A-DD39248E44FF}.DebugGame Editor|Win64.Build.0 = DebugGame_Editor|x64
		{A660C079-5596-4FE8-BA4A-DD39248E44FF}.DebugGame|HTML5.ActiveCfg = HTML5_DebugGame_Game|Win32
		{A660C079-5596-4FE8-BA4A-DD39248E44FF}.DebugGame|HTML5.Build.0 = HTML5_DebugGame_Game|Win32
		{A660C079-5596-4FE8-BA4A-DD39248E44FF}.DebugGame|Win32.ActiveCfg = DebugGame_Game|Win32
		{A660C079-5596-4FE8-BA4A-DD39248E44FF}.DebugGame|Win32.Build.0 = DebugGame_Game|Win32
		{A660C079-5596-4FE8-BA4A-DD39248E44FF}.DebugGame|Win64.ActiveCfg = DebugGame_Game|x64
		{A660C079-5596-4FE8-BA4A-DD39248E44FF}.DebugGame|Win64.Build.0 = DebugGame_Game|x64
		{A660C079-5596-4FE8-BA4A-DD39248E44FF}.Development Editor|HTML5.ActiveCfg = HTML5_Development_Editor|Win32
		{A660C079-5596-4FE8-BA4A-DD39248E44FF}.Development Editor|Win32.ActiveCfg = Development_Editor|Win32
		{A660C079-5596-4FE8-BA4A-DD39248E44FF}.Development Editor|Win64.ActiveCfg = Development_Editor|x64
		{A660C079-5596-4FE8-BA4A-DD39248E44FF}.Development Editor|Win64.Build.0 = Development_Editor|x64
		{A660C079-5596-4FE8-BA4A-DD39248E44FF}.Development|HTML5.ActiveCfg = HTML5_Development_Game|Win32
		{A660C079-5596-4FE8-BA4A-DD39248E44FF}.Development|HTML5.Build.0 = HTML5_Development_Game|Win32
		{A660C079-5596-4FE8-BA4A-DD39248E44FF}.Development|Win32.ActiveCfg = Development_Game|Win32
		{A660C079-5596-4FE8-BA4A-DD39248E44FF}.Development|Win32.Build.0 = Development_Game|Win32
		{A660C079-5596-4FE8-BA4A-DD39248E44FF}.Development|Win64.ActiveCfg = Development_Game|x64
		{A660C079-5596-4FE8-BA4A-DD39248E44FF}.Development|Win64.Build.0 = Development_Game|x64
		{A660C079-5596-4FE8-BA4A-DD39248E44FF}.Shipping|HTML5.ActiveCfg = HTML5_Shipping_Game|Win32
		{A660C079-5596-4FE8-BA4A-DD39248E44FF}.Shipping|HTML5.Build.0 = HTML5_Shipping_Game|Win32
		{A660C079-5596-4FE8-BA4A-DD39248E44FF}.Shipping|Win32.ActiveCfg = Shipping_Game|Win32
		{A660C079-5596-4FE8-BA4A-DD39248E44FF}.Shipping|Win32.Build.0 = Shipping_Game|Win32
		{A660C079-5596-4FE8-BA4A-DD39248E44FF}.Shipping|Win64.ActiveCfg = Shipping_Game|x64
		{A660C079-5596-4FE8-BA4A-DD39248E44FF}.Shipping|Win64.Build.0 = Shipping_Game|x64
	EndGlobalSection
	GlobalSection(SolutionProperties) = preSolution
		HideSolutionNode = FALSE
	EndGlobalSection
	GlobalSection(NestedProjects) = preSolution
		{1F8C3752-060A-4CE3-B6D7-0FD5C43C1922} = {47DFE172-3C63-40A2-B51E-C86E4F57D2E4}
		{A660C079-5596-4FE8-BA4A-DD39248E44FF} = {67119C39-96BF-4145-B70B-4E89276D46E0}
	EndGlobalSection
EndGlobal
